// !$*UTF8*$!
{
	archiveVersion = 1;
	classes = {
	};
	objectVersion = 56;
	objects = {

/* Begin PBXBuildFile section */
		97316C07292C98200022838D /* UpdateDataViewController.swift in Sources */ = {isa = PBXBuildFile; fileRef = 97316C06292C98200022838D /* UpdateDataViewController.swift */; };
		97E78424292BADBB005E578F /* AppDelegate.swift in Sources */ = {isa = PBXBuildFile; fileRef = 97E78423292BADBB005E578F /* AppDelegate.swift */; };
		97E78426292BADBB005E578F /* SceneDelegate.swift in Sources */ = {isa = PBXBuildFile; fileRef = 97E78425292BADBB005E578F /* SceneDelegate.swift */; };
		97E78428292BADBB005E578F /* ViewController.swift in Sources */ = {isa = PBXBuildFile; fileRef = 97E78427292BADBB005E578F /* ViewController.swift */; };
		97E7842B292BADBB005E578F /* Main.storyboard in Resources */ = {isa = PBXBuildFile; fileRef = 97E78429292BADBB005E578F /* Main.storyboard */; };
		97E7842E292BADBB005E578F /* PatientRecord.xcdatamodeld in Sources */ = {isa = PBXBuildFile; fileRef = 97E7842C292BADBB005E578F /* PatientRecord.xcdatamodeld */; };
		97E78430292BADBC005E578F /* Assets.xcassets in Resources */ = {isa = PBXBuildFile; fileRef = 97E7842F292BADBC005E578F /* Assets.xcassets */; };
		97E78433292BADBC005E578F /* LaunchScreen.storyboard in Resources */ = {isa = PBXBuildFile; fileRef = 97E78431292BADBC005E578F /* LaunchScreen.storyboard */; };
		97E7843D292BB0B9005E578F /* RecordTableViewCell.swift in Sources */ = {isa = PBXBuildFile; fileRef = 97E7843C292BB0B9005E578F /* RecordTableViewCell.swift */; };
		97E7843F292BB0CB005E578F /* AddRecViewController.swift in Sources */ = {isa = PBXBuildFile; fileRef = 97E7843E292BB0CB005E578F /* AddRecViewController.swift */; };
		97E78441292BB120005E578F /* PatientModel.swift in Sources */ = {isa = PBXBuildFile; fileRef = 97E78440292BB120005E578F /* PatientModel.swift */; };
		97E78443292BB254005E578F /* PateintViewModel.swift in Sources */ = {isa = PBXBuildFile; fileRef = 97E78442292BB254005E578F /* PateintViewModel.swift */; };
		97E78445292BB3F1005E578F /* CoreDataHelper.swift in Sources */ = {isa = PBXBuildFile; fileRef = 97E78444292BB3F1005E578F /* CoreDataHelper.swift */; };
		97E78447292BB457005E578F /* CoreDataPatientHelper.swift in Sources */ = {isa = PBXBuildFile; fileRef = 97E78446292BB457005E578F /* CoreDataPatientHelper.swift */; };
/* End PBXBuildFile section */

/* Begin PBXFileReference section */
		97316C06292C98200022838D /* UpdateDataViewController.swift */ = {isa = PBXFileReference; lastKnownFileType = sourcecode.swift; path = UpdateDataViewController.swift; sourceTree = "<group>"; };
		97E78420292BADBB005E578F /* PatientRecord.app */ = {isa = PBXFileReference; explicitFileType = wrapper.application; includeInIndex = 0; path = PatientRecord.app; sourceTree = BUILT_PRODUCTS_DIR; };
		97E78423292BADBB005E578F /* AppDelegate.swift */ = {isa = PBXFileReference; lastKnownFileType = sourcecode.swift; path = AppDelegate.swift; sourceTree = "<group>"; };
		97E78425292BADBB005E578F /* SceneDelegate.swift */ = {isa = PBXFileReference; lastKnownFileType = sourcecode.swift; path = SceneDelegate.swift; sourceTree = "<group>"; };
		97E78427292BADBB005E578F /* ViewController.swift */ = {isa = PBXFileReference; lastKnownFileType = sourcecode.swift; path = ViewController.swift; sourceTree = "<group>"; };
		97E7842A292BADBB005E578F /* Base */ = {isa = PBXFileReference; lastKnownFileType = file.storyboard; name = Base; path = Base.lproj/Main.storyboard; sourceTree = "<group>"; };
		97E7842D292BADBB005E578F /* PatientRecord.xcdatamodel */ = {isa = PBXFileReference; lastKnownFileType = wrapper.xcdatamodel; path = PatientRecord.xcdatamodel; sourceTree = "<group>"; };
		97E7842F292BADBC005E578F /* Assets.xcassets */ = {isa = PBXFileReference; lastKnownFileType = folder.assetcatalog; path = Assets.xcassets; sourceTree = "<group>"; };
		97E78432292BADBC005E578F /* Base */ = {isa = PBXFileReference; lastKnownFileType = file.storyboard; name = Base; path = Base.lproj/LaunchScreen.storyboard; sourceTree = "<group>"; };
		97E78434292BADBC005E578F /* Info.plist */ = {isa = PBXFileReference; lastKnownFileType = text.plist.xml; path = Info.plist; sourceTree = "<group>"; };
		97E7843C292BB0B9005E578F /* RecordTableViewCell.swift */ = {isa = PBXFileReference; lastKnownFileType = sourcecode.swift; path = RecordTableViewCell.swift; sourceTree = "<group>"; };
		97E7843E292BB0CB005E578F /* AddRecViewController.swift */ = {isa = PBXFileReference; lastKnownFileType = sourcecode.swift; path = AddRecViewController.swift; sourceTree = "<group>"; };
		97E78440292BB120005E578F /* PatientModel.swift */ = {isa = PBXFileReference; lastKnownFileType = sourcecode.swift; path = PatientModel.swift; sourceTree = "<group>"; };
		97E78442292BB254005E578F /* PateintViewModel.swift */ = {isa = PBXFileReference; lastKnownFileType = sourcecode.swift; path = PateintViewModel.swift; sourceTree = "<group>"; };
		97E78444292BB3F1005E578F /* CoreDataHelper.swift */ = {isa = PBXFileReference; lastKnownFileType = sourcecode.swift; path = CoreDataHelper.swift; sourceTree = "<group>"; };
		97E78446292BB457005E578F /* CoreDataPatientHelper.swift */ = {isa = PBXFileReference; lastKnownFileType = sourcecode.swift; path = CoreDataPatientHelper.swift; sourceTree = "<group>"; };
/* End PBXFileReference section */

/* Begin PBXFrameworksBuildPhase section */
		97E7841D292BADBB005E578F /* Frameworks */ = {
			isa = PBXFrameworksBuildPhase;
			buildActionMask = 2147483647;
			files = (
			);
			runOnlyForDeploymentPostprocessing = 0;
		};
/* End PBXFrameworksBuildPhase section */

/* Begin PBXGroup section */
		97E78417292BADBB005E578F = {
			isa = PBXGroup;
			children = (
				97E78422292BADBB005E578F /* PatientRecord */,
				97E78421292BADBB005E578F /* Products */,
			);
			sourceTree = "<group>";
		};
		97E78421292BADBB005E578F /* Products */ = {
			isa = PBXGroup;
			children = (
				97E78420292BADBB005E578F /* PatientRecord.app */,
			);
			name = Products;
			sourceTree = "<group>";
		};
		97E78422292BADBB005E578F /* PatientRecord */ = {
			isa = PBXGroup;
			children = (
				97E78423292BADBB005E578F /* AppDelegate.swift */,
				97E78425292BADBB005E578F /* SceneDelegate.swift */,
				97E78427292BADBB005E578F /* ViewController.swift */,
				97316C06292C98200022838D /* UpdateDataViewController.swift */,
				97E78429292BADBB005E578F /* Main.storyboard */,
				97E7843C292BB0B9005E578F /* RecordTableViewCell.swift */,
				97E78442292BB254005E578F /* PateintViewModel.swift */,
				97E7843E292BB0CB005E578F /* AddRecViewController.swift */,
				97E78440292BB120005E578F /* PatientModel.swift */,
				97E7842F292BADBC005E578F /* Assets.xcassets */,
				97E78431292BADBC005E578F /* LaunchScreen.storyboard */,
				97E78434292BADBC005E578F /* Info.plist */,
				97E7842C292BADBB005E578F /* PatientRecord.xcdatamodeld */,
				97E78444292BB3F1005E578F /* CoreDataHelper.swift */,
				97E78446292BB457005E578F /* CoreDataPatientHelper.swift */,
			);
			path = PatientRecord;
			sourceTree = "<group>";
		};
/* End PBXGroup section */

/* Begin PBXNativeTarget section */
		97E7841F292BADBB005E578F /* PatientRecord */ = {
			isa = PBXNativeTarget;
			buildConfigurationList = 97E78437292BADBC005E578F /* Build configuration list for PBXNativeTarget "PatientRecord" */;
			buildPhases = (
				97E7841C292BADBB005E578F /* Sources */,
				97E7841D292BADBB005E578F /* Frameworks */,
				97E7841E292BADBB005E578F /* Resources */,
			);
			buildRules = (
			);
			dependencies = (
			);
			name = PatientRecord;
			productName = PatientRecord;
			productReference = 97E78420292BADBB005E578F /* PatientRecord.app */;
			productType = "com.apple.product-type.application";
		};
/* End PBXNativeTarget section */

/* Begin PBXProject section */
		97E78418292BADBB005E578F /* Project object */ = {
			isa = PBXProject;
			attributes = {
				BuildIndependentTargetsInParallel = 1;
				LastSwiftUpdateCheck = 1410;
				LastUpgradeCheck = 1410;
				TargetAttributes = {
					97E7841F292BADBB005E578F = {
						CreatedOnToolsVersion = 14.1;
					};
				};
			};
			buildConfigurationList = 97E7841B292BADBB005E578F /* Build configuration list for PBXProject "PatientRecord" */;
			compatibilityVersion = "Xcode 14.0";
			developmentRegion = en;
			hasScannedForEncodings = 0;
			knownRegions = (
				en,
				Base,
			);
			mainGroup = 97E78417292BADBB005E578F;
			productRefGroup = 97E78421292BADBB005E578F /* Products */;
			projectDirPath = "";
			projectRoot = "";
			targets = (
				97E7841F292BADBB005E578F /* PatientRecord */,
			);
		};
/* End PBXProject section */

/* Begin PBXResourcesBuildPhase section */
		97E7841E292BADBB005E578F /* Resources */ = {
			isa = PBXResourcesBuildPhase;
			buildActionMask = 2147483647;
			files = (
				97E78433292BADBC005E578F /* LaunchScreen.storyboard in Resources */,
				97E78430292BADBC005E578F /* Assets.xcassets in Resources */,
				97E7842B292BADBB005E578F /* Main.storyboard in Resources */,
			);
			runOnlyForDeploymentPostprocessing = 0;
		};
/* End PBXResourcesBuildPhase section */

/* Begin PBXSourcesBuildPhase section */
		97E7841C292BADBB005E578F /* Sources */ = {
			isa = PBXSourcesBuildPhase;
			buildActionMask = 2147483647;
			files = (
				97E78447292BB457005E578F /* CoreDataPatientHelper.swift in Sources */,
				97E78428292BADBB005E578F /* ViewController.swift in Sources */,
				97E78424292BADBB005E578F /* AppDelegate.swift in Sources */,
				97E78443292BB254005E578F /* PateintViewModel.swift in Sources */,
				97E7842E292BADBB005E578F /* PatientRecord.xcdatamodeld in Sources */,
				97E78441292BB120005E578F /* PatientModel.swift in Sources */,
				97E7843F292BB0CB005E578F /* AddRecViewController.swift in Sources */,
				97E78445292BB3F1005E578F /* CoreDataHelper.swift in Sources */,
				97E7843D292BB0B9005E578F /* RecordTableViewCell.swift in Sources */,
				97E78426292BADBB005E578F /* SceneDelegate.swift in Sources */,
				97316C07292C98200022838D /* UpdateDataViewController.swift in Sources */,
			);
			runOnlyForDeploymentPostprocessing = 0;
		};
/* End PBXSourcesBuildPhase section */

/* Begin PBXVariantGroup section */
		97E78429292BADBB005E578F /* Main.storyboard */ = {
			isa = PBXVariantGroup;
			children = (
				97E7842A292BADBB005E578F /* Base */,
			);
			name = Main.storyboard;
			sourceTree = "<group>";
		};
		97E78431292BADBC005E578F /* LaunchScreen.storyboard */ = {
			isa = PBXVariantGroup;
			children = (
				97E78432292BADBC005E578F /* Base */,
			);
			name = LaunchScreen.storyboard;
			sourceTree = "<group>";
		};
/* End PBXVariantGroup section */

/* Begin XCBuildConfiguration section */
		97E78435292BADBC005E578F /* Debug */ = {
			isa = XCBuildConfiguration;
			buildSettings = {
				ALWAYS_SEARCH_USER_PATHS = NO;
				CLANG_ANALYZER_NONNULL = YES;
				CLANG_ANALYZER_NUMBER_OBJECT_CONVERSION = YES_AGGRESSIVE;
				CLANG_CXX_LANGUAGE_STANDARD = "gnu++20";
				CLANG_ENABLE_MODULES = YES;
				CLANG_ENABLE_OBJC_ARC = YES;
				CLANG_ENABLE_OBJC_WEAK = YES;
				CLANG_WARN_BLOCK_CAPTURE_AUTORELEASING = YES;
				CLANG_WARN_BOOL_CONVERSION = YES;
				CLANG_WARN_COMMA = YES;
				CLANG_WARN_CONSTANT_CONVERSION = YES;
				CLANG_WARN_DEPRECATED_OBJC_IMPLEMENTATIONS = YES;
				CLANG_WARN_DIRECT_OBJC_ISA_USAGE = YES_ERROR;
				CLANG_WARN_DOCUMENTATION_COMMENTS = YES;
				CLANG_WARN_EMPTY_BODY = YES;
				CLANG_WARN_ENUM_CONVERSION = YES;
				CLANG_WARN_INFINITE_RECURSION = YES;
				CLANG_WARN_INT_CONVERSION = YES;
				CLANG_WARN_NON_LITERAL_NULL_CONVERSION = YES;
				CLANG_WARN_OBJC_IMPLICIT_RETAIN_SELF = YES;
				CLANG_WARN_OBJC_LITERAL_CONVERSION = YES;
				CLANG_WARN_OBJC_ROOT_CLASS = YES_ERROR;
				CLANG_WARN_QUOTED_INCLUDE_IN_FRAMEWORK_HEADER = YES;
				CLANG_WARN_RANGE_LOOP_ANALYSIS = YES;
				CLANG_WARN_STRICT_PROTOTYPES = YES;
				CLANG_WARN_SUSPICIOUS_MOVE = YES;
				CLANG_WARN_UNGUARDED_AVAILABILITY = YES_AGGRESSIVE;
				CLANG_WARN_UNREACHABLE_CODE = YES;
				CLANG_WARN__DUPLICATE_METHOD_MATCH = YES;
				COPY_PHASE_STRIP = NO;
				DEBUG_INFORMATION_FORMAT = dwarf;
				ENABLE_STRICT_OBJC_MSGSEND = YES;
				ENABLE_TESTABILITY = YES;
				GCC_C_LANGUAGE_STANDARD = gnu11;
				GCC_DYNAMIC_NO_PIC = NO;
				GCC_NO_COMMON_BLOCKS = YES;
				GCC_OPTIMIZATION_LEVEL = 0;
				GCC_PREPROCESSOR_DEFINITIONS = (
					"DEBUG=1",
					"$(inherited)",
				);
				GCC_WARN_64_TO_32_BIT_CONVERSION = YES;
				GCC_WARN_ABOUT_RETURN_TYPE = YES_ERROR;
				GCC_WARN_UNDECLARED_SELECTOR = YES;
				GCC_WARN_UNINITIALIZED_AUTOS = YES_AGGRESSIVE;
				GCC_WARN_UNUSED_FUNCTION = YES;
				GCC_WARN_UNUSED_VARIABLE = YES;
				IPHONEOS_DEPLOYMENT_TARGET = 16.1;
				MTL_ENABLE_DEBUG_INFO = INCLUDE_SOURCE;
				MTL_FAST_MATH = YES;
				ONLY_ACTIVE_ARCH = YES;
				SDKROOT = iphoneos;
				SWIFT_ACTIVE_COMPILATION_CONDITIONS = DEBUG;
				SWIFT_OPTIMIZATION_LEVEL = "-Onone";
			};
			name = Debug;
		};
		97E78436292BADBC005E578F /* Release */ = {
			isa = XCBuildConfiguration;
			buildSettings = {
				ALWAYS_SEARCH_USER_PATHS = NO;
				CLANG_ANALYZER_NONNULL = YES;
				CLANG_ANALYZER_NUMBER_OBJECT_CONVERSION = YES_AGGRESSIVE;
				CLANG_CXX_LANGUAGE_STANDARD = "gnu++20";
				CLANG_ENABLE_MODULES = YES;
				CLANG_ENABLE_OBJC_ARC = YES;
				CLANG_ENABLE_OBJC_WEAK = YES;
				CLANG_WARN_BLOCK_CAPTURE_AUTORELEASING = YES;
				CLANG_WARN_BOOL_CONVERSION = YES;
				CLANG_WARN_COMMA = YES;
				CLANG_WARN_CONSTANT_CONVERSION = YES;
				CLANG_WARN_DEPRECATED_OBJC_IMPLEMENTATIONS = YES;
				CLANG_WARN_DIRECT_OBJC_ISA_USAGE = YES_ERROR;
				CLANG_WARN_DOCUMENTATION_COMMENTS = YES;
				CLANG_WARN_EMPTY_BODY = YES;
				CLANG_WARN_ENUM_CONVERSION = YES;
				CLANG_WARN_INFINITE_RECURSION = YES;
				CLANG_WARN_INT_CONVERSION = YES;
				CLANG_WARN_NON_LITERAL_NULL_CONVERSION = YES;
				CLANG_WARN_OBJC_IMPLICIT_RETAIN_SELF = YES;
				CLANG_WARN_OBJC_LITERAL_CONVERSION = YES;
				CLANG_WARN_OBJC_ROOT_CLASS = YES_ERROR;
				CLANG_WARN_QUOTED_INCLUDE_IN_FRAMEWORK_HEADER = YES;
				CLANG_WARN_RANGE_LOOP_ANALYSIS = YES;
				CLANG_WARN_STRICT_PROTOTYPES = YES;
				CLANG_WARN_SUSPICIOUS_MOVE = YES;
				CLANG_WARN_UNGUARDED_AVAILABILITY = YES_AGGRESSIVE;
				CLANG_WARN_UNREACHABLE_CODE = YES;
				CLANG_WARN__DUPLICATE_METHOD_MATCH = YES;
				COPY_PHASE_STRIP = NO;
				DEBUG_INFORMATION_FORMAT = "dwarf-with-dsym";
				ENABLE_NS_ASSERTIONS = NO;
				ENABLE_STRICT_OBJC_MSGSEND = YES;
				GCC_C_LANGUAGE_STANDARD = gnu11;
				GCC_NO_COMMON_BLOCKS = YES;
				GCC_WARN_64_TO_32_BIT_CONVERSION = YES;
				GCC_WARN_ABOUT_RETURN_TYPE = YES_ERROR;
				GCC_WARN_UNDECLARED_SELECTOR = YES;
				GCC_WARN_UNINITIALIZED_AUTOS = YES_AGGRESSIVE;
				GCC_WARN_UNUSED_FUNCTION = YES;
				GCC_WARN_UNUSED_VARIABLE = YES;
				IPHONEOS_DEPLOYMENT_TARGET = 16.1;
				MTL_ENABLE_DEBUG_INFO = NO;
				MTL_FAST_MATH = YES;
				SDKROOT = iphoneos;
				SWIFT_COMPILATION_MODE = wholemodule;
				SWIFT_OPTIMIZATION_LEVEL = "-O";
				VALIDATE_PRODUCT = YES;
			};
			name = Release;
		};
		97E78438292BADBC005E578F /* Debug */ = {
			isa = XCBuildConfiguration;
			buildSettings = {
				ASSETCATALOG_COMPILER_APPICON_NAME = AppIcon;
				ASSETCATALOG_COMPILER_GLOBAL_ACCENT_COLOR_NAME = AccentColor;
				CODE_SIGN_STYLE = Automatic;
				CURRENT_PROJECT_VERSION = 1;
				DEVELOPMENT_TEAM = 4NS8JNF9ZN;
				GENERATE_INFOPLIST_FILE = YES;
				INFOPLIST_FILE = PatientRecord/Info.plist;
				INFOPLIST_KEY_UIApplicationSupportsIndirectInputEvents = YES;
				INFOPLIST_KEY_UILaunchStoryboardName = LaunchScreen;
				INFOPLIST_KEY_UIMainStoryboardFile = Main;
				INFOPLIST_KEY_UISupportedInterfaceOrientations_iPad = "UIInterfaceOrientationPortrait UIInterfaceOrientationPortraitUpsideDown UIInterfaceOrientationLandscapeLeft UIInterfaceOrientationLandscapeRight";
				INFOPLIST_KEY_UISupportedInterfaceOrientations_iPhone = "UIInterfaceOrientationPortrait UIInterfaceOrientationLandscapeLeft UIInterfaceOrientationLandscapeRight";
				LD_RUNPATH_SEARCH_PATHS = (
					"$(inherited)",
					"@executable_path/Frameworks",
				);
				MARKETING_VERSION = 1.0;
				PRODUCT_BUNDLE_IDENTIFIER = harvin.PatientRecord;
				PRODUCT_NAME = "$(TARGET_NAME)";
				SWIFT_EMIT_LOC_STRINGS = YES;
				SWIFT_VERSION = 5.0;
				TARGETED_DEVICE_FAMILY = "1,2";
			};
			name = Debug;
		};
		97E78439292BADBC005E578F /* Release */ = {
			isa = XCBuildConfiguration;
			buildSettings = {
				ASSETCATALOG_COMPILER_APPICON_NAME = AppIcon;
				ASSETCATALOG_COMPILER_GLOBAL_ACCENT_COLOR_NAME = AccentColor;
				CODE_SIGN_STYLE = Automatic;
				CURRENT_PROJECT_VERSION = 1;
				DEVELOPMENT_TEAM = 4NS8JNF9ZN;
				GENERATE_INFOPLIST_FILE = YES;
				INFOPLIST_FILE = PatientRecord/Info.plist;
				INFOPLIST_KEY_UIApplicationSupportsIndirectInputEvents = YES;
				INFOPLIST_KEY_UILaunchStoryboardName = LaunchScreen;
				INFOPLIST_KEY_UIMainStoryboardFile = Main;
				INFOPLIST_KEY_UISupportedInterfaceOrientations_iPad = "UIInterfaceOrientationPortrait UIInterfaceOrientationPortraitUpsideDown UIInterfaceOrientationLandscapeLeft UIInterfaceOrientationLandscapeRight";
				INFOPLIST_KEY_UISupportedInterfaceOrientations_iPhone = "UIInterfaceOrientationPortrait UIInterfaceOrientationLandscapeLeft UIInterfaceOrientationLandscapeRight";
				LD_RUNPATH_SEARCH_PATHS = (
					"$(inherited)",
					"@executable_path/Frameworks",
				);
				MARKETING_VERSION = 1.0;
				PRODUCT_BUNDLE_IDENTIFIER = harvin.PatientRecord;
				PRODUCT_NAME = "$(TARGET_NAME)";
				SWIFT_EMIT_LOC_STRINGS = YES;
				SWIFT_VERSION = 5.0;
				TARGETED_DEVICE_FAMILY = "1,2";
			};
			name = Release;
		};
/* End XCBuildConfiguration section */

/* Begin XCConfigurationList section */
		97E7841B292BADBB005E578F /* Build configuration list for PBXProject "PatientRecord" */ = {
			isa = XCConfigurationList;
			buildConfigurations = (
				97E78435292BADBC005E578F /* Debug */,
				97E78436292BADBC005E578F /* Release */,
			);
			defaultConfigurationIsVisible = 0;
			defaultConfigurationName = Release;
		};
		97E78437292BADBC005E578F /* Build configuration list for PBXNativeTarget "PatientRecord" */ = {
			isa = XCConfigurationList;
			buildConfigurations = (
				97E78438292BADBC005E578F /* Debug */,
				97E78439292BADBC005E578F /* Release */,
			);
			defaultConfigurationIsVisible = 0;
			defaultConfigurationName = Release;
		};
/* End XCConfigurationList section */

/* Begin XCVersionGroup section */
		97E7842C292BADBB005E578F /* PatientRecord.xcdatamodeld */ = {
			isa = XCVersionGroup;
			children = (
				97E7842D292BADBB005E578F /* PatientRecord.xcdatamodel */,
			);
			currentVersion = 97E7842D292BADBB005E578F /* PatientRecord.xcdatamodel */;
			path = PatientRecord.xcdatamodeld;
			sourceTree = "<group>";
			versionGroupType = wrapper.xcdatamodel;
		};
/* End XCVersionGroup section */
	};
	rootObject = 97E78418292BADBB005E578F /* Project object */;
}
